
Microsoft Visual Studio Solution File, Format Version 12.00
# Visual Studio Version 17
VisualStudioVersion = 17.8.34316.72
MinimumVisualStudioVersion = 10.0.40219.1
Project("{9A19103F-16F7-4668-BE54-9A1E7A4F7556}") = "FullScreenWinApp", "FullScreenWinApp\FullScreenWinApp.csproj", "{61B83CBC-9295-4B1A-99CC-A298B0CB3237}"
EndProject
Project("{9A19103F-16F7-4668-BE54-9A1E7A4F7556}") = "ImagesAdvanced", "..\ImagesAdvancedApp\ImagesAdvanced\ImagesAdvanced.csproj", "{CEC4AB9A-7495-47C1-80EC-8FE34ADB0A8A}"
EndProject
Global
	GlobalSection(SolutionConfigurationPlatforms) = preSolution
		Debug|Any CPU = Debug|Any CPU
		Release|Any CPU = Release|Any CPU
	EndGlobalSection
	GlobalSection(ProjectConfigurationPlatforms) = postSolution
		{61B83CBC-9295-4B1A-99CC-A298B0CB3237}.Debug|Any CPU.ActiveCfg = Debug|Any CPU
		{61B83CBC-9295-4B1A-99CC-A298B0CB3237}.Debug|Any CPU.Build.0 = Debug|Any CPU
		{61B83CBC-9295-4B1A-99CC-A298B0CB3237}.Release|Any CPU.ActiveCfg = Release|Any CPU
		{61B83CBC-9295-4B1A-99CC-A298B0CB3237}.Release|Any CPU.Build.0 = Release|Any CPU
		{CEC4AB9A-7495-47C1-80EC-8FE34ADB0A8A}.Debug|Any CPU.ActiveCfg = Debug|Any CPU
		{CEC4AB9A-7495-47C1-80EC-8FE34ADB0A8A}.Debug|Any CPU.Build.0 = Debug|Any CPU
		{CEC4AB9A-7495-47C1-80EC-8FE34ADB0A8A}.Release|Any CPU.ActiveCfg = Release|Any CPU
		{CEC4AB9A-7495-47C1-80EC-8FE34ADB0A8A}.Release|Any CPU.Build.0 = Release|Any CPU
	EndGlobalSection
	GlobalSection(SolutionProperties) = preSolution
		HideSolutionNode = FALSE
	EndGlobalSection
	GlobalSection(ExtensibilityGlobals) = postSolution
		SolutionGuid = {726A1B5E-C54A-4533-B219-8D7559BE26AB}
	EndGlobalSection
EndGlobal
